
Microsoft Visual Studio Solution File, Format Version 12.00
# Visual Studio Version 17
VisualStudioVersion = 17.1.32210.238
MinimumVisualStudioVersion = 10.0.40219.1
Project("{9A19103F-16F7-4668-BE54-9A1E7A4F7556}") = "SPEA.Geometry", "SPEA.Geometry\SPEA.Geometry.csproj", "{01DD369B-A510-4C41-9E7D-9E12201CD1F2}"
EndProject
Project("{9A19103F-16F7-4668-BE54-9A1E7A4F7556}") = "SPEA.Materials", "SPEA.Materials\SPEA.Materials.csproj", "{46383576-E0AA-43B8-B9F4-6786AD942AB7}"
EndProject
Project("{9A19103F-16F7-4668-BE54-9A1E7A4F7556}") = "SPEA.Units", "SPEA.Units\SPEA.Units.csproj", "{DDA09D2D-D4E6-4D30-B978-010E16D3D3DA}"
EndProject
Project("{9A19103F-16F7-4668-BE54-9A1E7A4F7556}") = "SPEA.App", "SPEA.App\SPEA.App.csproj", "{58A84F8D-E74F-4D67-9002-EA3445ABF738}"
EndProject
Project("{9A19103F-16F7-4668-BE54-9A1E7A4F7556}") = "SPEA.Core", "SPEA.Core\SPEA.Core.csproj", "{60CEA826-409B-43CD-ACCB-A97A160492DA}"
EndProject
Project("{2150E333-8FDC-42A3-9474-1A3956D46DE8}") = "Solution Items", "Solution Items", "{21D7060B-B95E-4DD1-9339-FEFD700459EB}"
	ProjectSection(SolutionItems) = preProject
		..\LICENSE = ..\LICENSE
		..\README.md = ..\README.md
		..\THIRDPARTY = ..\THIRDPARTY
	EndProjectSection
EndProject
Project("{9A19103F-16F7-4668-BE54-9A1E7A4F7556}") = "SPEA.Numerics", "SPEA.Numerics\SPEA.Numerics.csproj", "{4F921989-D502-46F6-9D54-1A2E2D19964F}"
EndProject
Project("{9A19103F-16F7-4668-BE54-9A1E7A4F7556}") = "SPEA.COSMOS", "SPEA.Solver.Themis\SPEA.COSMOS.csproj", "{B33AEBA2-9590-4184-B8BF-AE34C6B83005}"
EndProject
Global
	GlobalSection(SolutionConfigurationPlatforms) = preSolution
		Debug|Any CPU = Debug|Any CPU
		Release|Any CPU = Release|Any CPU
	EndGlobalSection
	GlobalSection(ProjectConfigurationPlatforms) = postSolution
		{01DD369B-A510-4C41-9E7D-9E12201CD1F2}.Debug|Any CPU.ActiveCfg = Debug|Any CPU
		{01DD369B-A510-4C41-9E7D-9E12201CD1F2}.Debug|Any CPU.Build.0 = Debug|Any CPU
		{01DD369B-A510-4C41-9E7D-9E12201CD1F2}.Release|Any CPU.ActiveCfg = Release|Any CPU
		{01DD369B-A510-4C41-9E7D-9E12201CD1F2}.Release|Any CPU.Build.0 = Release|Any CPU
		{46383576-E0AA-43B8-B9F4-6786AD942AB7}.Debug|Any CPU.ActiveCfg = Debug|Any CPU
		{46383576-E0AA-43B8-B9F4-6786AD942AB7}.Debug|Any CPU.Build.0 = Debug|Any CPU
		{46383576-E0AA-43B8-B9F4-6786AD942AB7}.Release|Any CPU.ActiveCfg = Release|Any CPU
		{46383576-E0AA-43B8-B9F4-6786AD942AB7}.Release|Any CPU.Build.0 = Release|Any CPU
		{DDA09D2D-D4E6-4D30-B978-010E16D3D3DA}.Debug|Any CPU.ActiveCfg = Debug|Any CPU
		{DDA09D2D-D4E6-4D30-B978-010E16D3D3DA}.Debug|Any CPU.Build.0 = Debug|Any CPU
		{DDA09D2D-D4E6-4D30-B978-010E16D3D3DA}.Release|Any CPU.ActiveCfg = Release|Any CPU
		{DDA09D2D-D4E6-4D30-B978-010E16D3D3DA}.Release|Any CPU.Build.0 = Release|Any CPU
		{58A84F8D-E74F-4D67-9002-EA3445ABF738}.Debug|Any CPU.ActiveCfg = Debug|Any CPU
		{58A84F8D-E74F-4D67-9002-EA3445ABF738}.Debug|Any CPU.Build.0 = Debug|Any CPU
		{58A84F8D-E74F-4D67-9002-EA3445ABF738}.Release|Any CPU.ActiveCfg = Release|Any CPU
		{58A84F8D-E74F-4D67-9002-EA3445ABF738}.Release|Any CPU.Build.0 = Release|Any CPU
		{60CEA826-409B-43CD-ACCB-A97A160492DA}.Debug|Any CPU.ActiveCfg = Debug|Any CPU
		{60CEA826-409B-43CD-ACCB-A97A160492DA}.Debug|Any CPU.Build.0 = Debug|Any CPU
		{60CEA826-409B-43CD-ACCB-A97A160492DA}.Release|Any CPU.ActiveCfg = Release|Any CPU
		{60CEA826-409B-43CD-ACCB-A97A160492DA}.Release|Any CPU.Build.0 = Release|Any CPU
		{4F921989-D502-46F6-9D54-1A2E2D19964F}.Debug|Any CPU.ActiveCfg = Debug|Any CPU
		{4F921989-D502-46F6-9D54-1A2E2D19964F}.Debug|Any CPU.Build.0 = Debug|Any CPU
		{4F921989-D502-46F6-9D54-1A2E2D19964F}.Release|Any CPU.ActiveCfg = Release|Any CPU
		{4F921989-D502-46F6-9D54-1A2E2D19964F}.Release|Any CPU.Build.0 = Release|Any CPU
		{B33AEBA2-9590-4184-B8BF-AE34C6B83005}.Debug|Any CPU.ActiveCfg = Debug|Any CPU
		{B33AEBA2-9590-4184-B8BF-AE34C6B83005}.Debug|Any CPU.Build.0 = Debug|Any CPU
		{B33AEBA2-9590-4184-B8BF-AE34C6B83005}.Release|Any CPU.ActiveCfg = Release|Any CPU
		{B33AEBA2-9590-4184-B8BF-AE34C6B83005}.Release|Any CPU.Build.0 = Release|Any CPU
	EndGlobalSection
	GlobalSection(SolutionProperties) = preSolution
		HideSolutionNode = FALSE
	EndGlobalSection
	GlobalSection(ExtensibilityGlobals) = postSolution
		SolutionGuid = {25FBAC15-045E-42A0-BD6A-513711AD30C8}
	EndGlobalSection
EndGlobal
